
Microsoft Visual Studio Solution File, Format Version 12.00
# Visual Studio Version 18
VisualStudioVersion = 18.5.11626.173 insiders
MinimumVisualStudioVersion = 10.0.40219.1
Project("{FAE04EC0-301F-11D3-BF4B-00C04F79EFBC}") = "MyApp.Web", "MyApp.Web.csproj", "{C104493B-D2A0-D161-4A6B-FD4F2EC54059}"
EndProject
Global
	GlobalSection(SolutionConfigurationPlatforms) = preSolution
		Debug|Any CPU = Debug|Any CPU
		Release|Any CPU = Release|Any CPU
	EndGlobalSection
	GlobalSection(ProjectConfigurationPlatforms) = postSolution
		{C104493B-D2A0-D161-4A6B-FD4F2EC54059}.Debug|Any CPU.ActiveCfg = Debug|Any CPU
		{C104493B-D2A0-D161-4A6B-FD4F2EC54059}.Debug|Any CPU.Build.0 = Debug|Any CPU
		{C104493B-D2A0-D161-4A6B-FD4F2EC54059}.Release|Any CPU.ActiveCfg = Release|Any CPU
		{C104493B-D2A0-D161-4A6B-FD4F2EC54059}.Release|Any CPU.Build.0 = Release|Any CPU
	EndGlobalSection
	GlobalSection(SolutionProperties) = preSolution
		HideSolutionNode = FALSE
	EndGlobalSection
	GlobalSection(ExtensibilityGlobals) = postSolution
		SolutionGuid = {568D22C4-2E85-4AB2-B740-0E3E440DBF3A}
	EndGlobalSection
EndGlobal
